// !$*UTF8*$!
{
	archiveVersion = 1;
	classes = {
	};
	objectVersion = 50;
	objects = {

/* Begin PBXBuildFile section */
		846C41AE23AC45D2009991DC /* AppDelegate.swift in Sources */ = {isa = PBXBuildFile; fileRef = 846C41AD23AC45D2009991DC /* AppDelegate.swift */; };
		846C41B023AC45D2009991DC /* SceneDelegate.swift in Sources */ = {isa = PBXBuildFile; fileRef = 846C41AF23AC45D2009991DC /* SceneDelegate.swift */; };
		846C41B223AC45D2009991DC /* ViewController.swift in Sources */ = {isa = PBXBuildFile; fileRef = 846C41B123AC45D2009991DC /* ViewController.swift */; };
		846C41B523AC45D2009991DC /* Main.storyboard in Resources */ = {isa = PBXBuildFile; fileRef = 846C41B323AC45D2009991DC /* Main.storyboard */; };
		846C41B723AC45D5009991DC /* Assets.xcassets in Resources */ = {isa = PBXBuildFile; fileRef = 846C41B623AC45D5009991DC /* Assets.xcassets */; };
		846C41BA23AC45D5009991DC /* LaunchScreen.storyboard in Resources */ = {isa = PBXBuildFile; fileRef = 846C41B823AC45D5009991DC /* LaunchScreen.storyboard */; };
		846C41C523AC45D6009991DC /* TableViewAnimationTests.swift in Sources */ = {isa = PBXBuildFile; fileRef = 846C41C423AC45D6009991DC /* TableViewAnimationTests.swift */; };
		846C41D023AC45D6009991DC /* TableViewAnimationUITests.swift in Sources */ = {isa = PBXBuildFile; fileRef = 846C41CF23AC45D6009991DC /* TableViewAnimationUITests.swift */; };
/* End PBXBuildFile section */

/* Begin PBXContainerItemProxy section */
		846C41C123AC45D6009991DC /* PBXContainerItemProxy */ = {
			isa = PBXContainerItemProxy;
			containerPortal = 846C41A223AC45D2009991DC /* Project object */;
			proxyType = 1;
			remoteGlobalIDString = 846C41A923AC45D2009991DC;
			remoteInfo = TableViewAnimation;
		};
		846C41CC23AC45D6009991DC /* PBXContainerItemProxy */ = {
			isa = PBXContainerItemProxy;
			containerPortal = 846C41A223AC45D2009991DC /* Project object */;
			proxyType = 1;
			remoteGlobalIDString = 846C41A923AC45D2009991DC;
			remoteInfo = TableViewAnimation;
		};
/* End PBXContainerItemProxy section */

/* Begin PBXFileReference section */
		846C41AA23AC45D2009991DC /* TableViewAnimation.app */ = {isa = PBXFileReference; explicitFileType = wrapper.application; includeInIndex = 0; path = TableViewAnimation.app; sourceTree = BUILT_PRODUCTS_DIR; };
		846C41AD23AC45D2009991DC /* AppDelegate.swift */ = {isa = PBXFileReference; lastKnownFileType = sourcecode.swift; path = AppDelegate.swift; sourceTree = "<group>"; };
		846C41AF23AC45D2009991DC /* SceneDelegate.swift */ = {isa = PBXFileReference; lastKnownFileType = sourcecode.swift; path = SceneDelegate.swift; sourceTree = "<group>"; };
		846C41B123AC45D2009991DC /* ViewController.swift */ = {isa = PBXFileReference; lastKnownFileType = sourcecode.swift; path = ViewController.swift; sourceTree = "<group>"; };
		846C41B423AC45D2009991DC /* Base */ = {isa = PBXFileReference; lastKnownFileType = file.storyboard; name = Base; path = Base.lproj/Main.storyboard; sourceTree = "<group>"; };
		846C41B623AC45D5009991DC /* Assets.xcassets */ = {isa = PBXFileReference; lastKnownFileType = folder.assetcatalog; path = Assets.xcassets; sourceTree = "<group>"; };
		846C41B923AC45D5009991DC /* Base */ = {isa = PBXFileReference; lastKnownFileType = file.storyboard; name = Base; path = Base.lproj/LaunchScreen.storyboard; sourceTree = "<group>"; };
		846C41BB23AC45D5009991DC /* Info.plist */ = {isa = PBXFileReference; lastKnownFileType = text.plist.xml; path = Info.plist; sourceTree = "<group>"; };
		846C41C023AC45D6009991DC /* TableViewAnimationTests.xctest */ = {isa = PBXFileReference; explicitFileType = wrapper.cfbundle; includeInIndex = 0; path = TableViewAnimationTests.xctest; sourceTree = BUILT_PRODUCTS_DIR; };
		846C41C423AC45D6009991DC /* TableViewAnimationTests.swift */ = {isa = PBXFileReference; lastKnownFileType = sourcecode.swift; path = TableViewAnimationTests.swift; sourceTree = "<group>"; };
		846C41C623AC45D6009991DC /* Info.plist */ = {isa = PBXFileReference; lastKnownFileType = text.plist.xml; path = Info.plist; sourceTree = "<group>"; };
		846C41CB23AC45D6009991DC /* TableViewAnimationUITests.xctest */ = {isa = PBXFileReference; explicitFileType = wrapper.cfbundle; includeInIndex = 0; path = TableViewAnimationUITests.xctest; sourceTree = BUILT_PRODUCTS_DIR; };
		846C41CF23AC45D6009991DC /* TableViewAnimationUITests.swift */ = {isa = PBXFileReference; lastKnownFileType = sourcecode.swift; path = TableViewAnimationUITests.swift; sourceTree = "<group>"; };
		846C41D123AC45D6009991DC /* Info.plist */ = {isa = PBXFileReference; lastKnownFileType = text.plist.xml; path = Info.plist; sourceTree = "<group>"; };
/* End PBXFileReference section */

/* Begin PBXFrameworksBuildPhase section */
		846C41A723AC45D2009991DC /* Frameworks */ = {
			isa = PBXFrameworksBuildPhase;
			buildActionMask = 2147483647;
			files = (
			);
			runOnlyForDeploymentPostprocessing = 0;
		};
		846C41BD23AC45D6009991DC /* Frameworks */ = {
			isa = PBXFrameworksBuildPhase;
			buildActionMask = 2147483647;
			files = (
			);
			runOnlyForDeploymentPostprocessing = 0;
		};
		846C41C823AC45D6009991DC /* Frameworks */ = {
			isa = PBXFrameworksBuildPhase;
			buildActionMask = 2147483647;
			files = (
			);
			runOnlyForDeploymentPostprocessing = 0;
		};
/* End PBXFrameworksBuildPhase section */

/* Begin PBXGroup section */
		846C41A123AC45D2009991DC = {
			isa = PBXGroup;
			children = (
				846C41AC23AC45D2009991DC /* TableViewAnimation */,
				846C41C323AC45D6009991DC /* TableViewAnimationTests */,
				846C41CE23AC45D6009991DC /* TableViewAnimationUITests */,
				846C41AB23AC45D2009991DC /* Products */,
			);
			sourceTree = "<group>";
		};
		846C41AB23AC45D2009991DC /* Products */ = {
			isa = PBXGroup;
			children = (
				846C41AA23AC45D2009991DC /* TableViewAnimation.app */,
				846C41C023AC45D6009991DC /* TableViewAnimationTests.xctest */,
				846C41CB23AC45D6009991DC /* TableViewAnimationUITests.xctest */,
			);
			name = Products;
			sourceTree = "<group>";
		};
		846C41AC23AC45D2009991DC /* TableViewAnimation */ = {
			isa = PBXGroup;
			children = (
				846C41AD23AC45D2009991DC /* AppDelegate.swift */,
				846C41AF23AC45D2009991DC /* SceneDelegate.swift */,
				846C41B123AC45D2009991DC /* ViewController.swift */,
				846C41B323AC45D2009991DC /* Main.storyboard */,
				846C41B623AC45D5009991DC /* Assets.xcassets */,
				846C41B823AC45D5009991DC /* LaunchScreen.storyboard */,
				846C41BB23AC45D5009991DC /* Info.plist */,
			);
			path = TableViewAnimation;
			sourceTree = "<group>";
		};
		846C41C323AC45D6009991DC /* TableViewAnimationTests */ = {
			isa = PBXGroup;
			children = (
				846C41C423AC45D6009991DC /* TableViewAnimationTests.swift */,
				846C41C623AC45D6009991DC /* Info.plist */,
			);
			path = TableViewAnimationTests;
			sourceTree = "<group>";
		};
		846C41CE23AC45D6009991DC /* TableViewAnimationUITests */ = {
			isa = PBXGroup;
			children = (
				846C41CF23AC45D6009991DC /* TableViewAnimationUITests.swift */,
				846C41D123AC45D6009991DC /* Info.plist */,
			);
			path = TableViewAnimationUITests;
			sourceTree = "<group>";
		};
/* End PBXGroup section */

/* Begin PBXNativeTarget section */
		846C41A923AC45D2009991DC /* TableViewAnimation */ = {
			isa = PBXNativeTarget;
			buildConfigurationList = 846C41D423AC45D6009991DC /* Build configuration list for PBXNativeTarget "TableViewAnimation" */;
			buildPhases = (
				846C41A623AC45D2009991DC /* Sources */,
				846C41A723AC45D2009991DC /* Frameworks */,
				846C41A823AC45D2009991DC /* Resources */,
			);
			buildRules = (
			);
			dependencies = (
			);
			name = TableViewAnimation;
			productName = TableViewAnimation;
			productReference = 846C41AA23AC45D2009991DC /* TableViewAnimation.app */;
			productType = "com.apple.product-type.application";
		};
		846C41BF23AC45D6009991DC /* TableViewAnimationTests */ = {
			isa = PBXNativeTarget;
			buildConfigurationList = 846C41D723AC45D6009991DC /* Build configuration list for PBXNativeTarget "TableViewAnimationTests" */;
			buildPhases = (
				846C41BC23AC45D6009991DC /* Sources */,
				846C41BD23AC45D6009991DC /* Frameworks */,
				846C41BE23AC45D6009991DC /* Resources */,
			);
			buildRules = (
			);
			dependencies = (
				846C41C223AC45D6009991DC /* PBXTargetDependency */,
			);
			name = TableViewAnimationTests;
			productName = TableViewAnimationTests;
			productReference = 846C41C023AC45D6009991DC /* TableViewAnimationTests.xctest */;
			productType = "com.apple.product-type.bundle.unit-test";
		};
		846C41CA23AC45D6009991DC /* TableViewAnimationUITests */ = {
			isa = PBXNativeTarget;
			buildConfigurationList = 846C41DA23AC45D6009991DC /* Build configuration list for PBXNativeTarget "TableViewAnimationUITests" */;
			buildPhases = (
				846C41C723AC45D6009991DC /* Sources */,
				846C41C823AC45D6009991DC /* Frameworks */,
				846C41C923AC45D6009991DC /* Resources */,
			);
			buildRules = (
			);
			dependencies = (
				846C41CD23AC45D6009991DC /* PBXTargetDependency */,
			);
			name = TableViewAnimationUITests;
			productName = TableViewAnimationUITests;
			productReference = 846C41CB23AC45D6009991DC /* TableViewAnimationUITests.xctest */;
			productType = "com.apple.product-type.bundle.ui-testing";
		};
/* End PBXNativeTarget section */

/* Begin PBXProject section */
		846C41A223AC45D2009991DC /* Project object */ = {
			isa = PBXProject;
			attributes = {
				LastSwiftUpdateCheck = 1120;
				LastUpgradeCheck = 1120;
				ORGANIZATIONNAME = "Blue Stack";
				TargetAttributes = {
					846C41A923AC45D2009991DC = {
						CreatedOnToolsVersion = 11.2.1;
					};
					846C41BF23AC45D6009991DC = {
						CreatedOnToolsVersion = 11.2.1;
						TestTargetID = 846C41A923AC45D2009991DC;
					};
					846C41CA23AC45D6009991DC = {
						CreatedOnToolsVersion = 11.2.1;
						TestTargetID = 846C41A923AC45D2009991DC;
					};
				};
			};
			buildConfigurationList = 846C41A523AC45D2009991DC /* Build configuration list for PBXProject "TableViewAnimation" */;
			compatibilityVersion = "Xcode 9.3";
			developmentRegion = en;
			hasScannedForEncodings = 0;
			knownRegions = (
				en,
				Base,
			);
			mainGroup = 846C41A123AC45D2009991DC;
			productRefGroup = 846C41AB23AC45D2009991DC /* Products */;
			projectDirPath = "";
			projectRoot = "";
			targets = (
				846C41A923AC45D2009991DC /* TableViewAnimation */,
				846C41BF23AC45D6009991DC /* TableViewAnimationTests */,
				846C41CA23AC45D6009991DC /* TableViewAnimationUITests */,
			);
		};
/* End PBXProject section */

/* Begin PBXResourcesBuildPhase section */
		846C41A823AC45D2009991DC /* Resources */ = {
			isa = PBXResourcesBuildPhase;
			buildActionMask = 2147483647;
			files = (
				846C41BA23AC45D5009991DC /* LaunchScreen.storyboard in Resources */,
				846C41B723AC45D5009991DC /* Assets.xcassets in Resources */,
				846C41B523AC45D2009991DC /* Main.storyboard in Resources */,
			);
			runOnlyForDeploymentPostprocessing = 0;
		};
		846C41BE23AC45D6009991DC /* Resources */ = {
			isa = PBXResourcesBuildPhase;
			buildActionMask = 2147483647;
			files = (
			);
			runOnlyForDeploymentPostprocessing = 0;
		};
		846C41C923AC45D6009991DC /* Resources */ = {
			isa = PBXResourcesBuildPhase;
			buildActionMask = 2147483647;
			files = (
			);
			runOnlyForDeploymentPostprocessing = 0;
		};
/* End PBXResourcesBuildPhase section */

/* Begin PBXSourcesBuildPhase section */
		846C41A623AC45D2009991DC /* Sources */ = {
			isa = PBXSourcesBuildPhase;
			buildActionMask = 2147483647;
			files = (
				846C41B223AC45D2009991DC /* ViewController.swift in Sources */,
				846C41AE23AC45D2009991DC /* AppDelegate.swift in Sources */,
				846C41B023AC45D2009991DC /* SceneDelegate.swift in Sources */,
			);
			runOnlyForDeploymentPostprocessing = 0;
		};
		846C41BC23AC45D6009991DC /* Sources */ = {
			isa = PBXSourcesBuildPhase;
			buildActionMask = 2147483647;
			files = (
				846C41C523AC45D6009991DC /* TableViewAnimationTests.swift in Sources */,
			);
			runOnlyForDeploymentPostprocessing = 0;
		};
		846C41C723AC45D6009991DC /* Sources */ = {
			isa = PBXSourcesBuildPhase;
			buildActionMask = 2147483647;
			files = (
				846C41D023AC45D6009991DC /* TableViewAnimationUITests.swift in Sources */,
			);
			runOnlyForDeploymentPostprocessing = 0;
		};
/* End PBXSourcesBuildPhase section */

/* Begin PBXTargetDependency section */
		846C41C223AC45D6009991DC /* PBXTargetDependency */ = {
			isa = PBXTargetDependency;
			target = 846C41A923AC45D2009991DC /* TableViewAnimation */;
			targetProxy = 846C41C123AC45D6009991DC /* PBXContainerItemProxy */;
		};
		846C41CD23AC45D6009991DC /* PBXTargetDependency */ = {
			isa = PBXTargetDependency;
			target = 846C41A923AC45D2009991DC /* TableViewAnimation */;
			targetProxy = 846C41CC23AC45D6009991DC /* PBXContainerItemProxy */;
		};
/* End PBXTargetDependency section */

/* Begin PBXVariantGroup section */
		846C41B323AC45D2009991DC /* Main.storyboard */ = {
			isa = PBXVariantGroup;
			children = (
				846C41B423AC45D2009991DC /* Base */,
			);
			name = Main.storyboard;
			sourceTree = "<group>";
		};
		846C41B823AC45D5009991DC /* LaunchScreen.storyboard */ = {
			isa = PBXVariantGroup;
			children = (
				846C41B923AC45D5009991DC /* Base */,
			);
			name = LaunchScreen.storyboard;
			sourceTree = "<group>";
		};
/* End PBXVariantGroup section */

/* Begin XCBuildConfiguration section */
		846C41D223AC45D6009991DC /* Debug */ = {
			isa = XCBuildConfiguration;
			buildSettings = {
				ALWAYS_SEARCH_USER_PATHS = NO;
				CLANG_ANALYZER_NONNULL = YES;
				CLANG_ANALYZER_NUMBER_OBJECT_CONVERSION = YES_AGGRESSIVE;
				CLANG_CXX_LANGUAGE_STANDARD = "gnu++14";
				CLANG_CXX_LIBRARY = "libc++";
				CLANG_ENABLE_MODULES = YES;
				CLANG_ENABLE_OBJC_ARC = YES;
				CLANG_ENABLE_OBJC_WEAK = YES;
				CLANG_WARN_BLOCK_CAPTURE_AUTORELEASING = YES;
				CLANG_WARN_BOOL_CONVERSION = YES;
				CLANG_WARN_COMMA = YES;
				CLANG_WARN_CONSTANT_CONVERSION = YES;
				CLANG_WARN_DEPRECATED_OBJC_IMPLEMENTATIONS = YES;
				CLANG_WARN_DIRECT_OBJC_ISA_USAGE = YES_ERROR;
				CLANG_WARN_DOCUMENTATION_COMMENTS = YES;
				CLANG_WARN_EMPTY_BODY = YES;
				CLANG_WARN_ENUM_CONVERSION = YES;
				CLANG_WARN_INFINITE_RECURSION = YES;
				CLANG_WARN_INT_CONVERSION = YES;
				CLANG_WARN_NON_LITERAL_NULL_CONVERSION = YES;
				CLANG_WARN_OBJC_IMPLICIT_RETAIN_SELF = YES;
				CLANG_WARN_OBJC_LITERAL_CONVERSION = YES;
				CLANG_WARN_OBJC_ROOT_CLASS = YES_ERROR;
				CLANG_WARN_RANGE_LOOP_ANALYSIS = YES;
				CLANG_WARN_STRICT_PROTOTYPES = YES;
				CLANG_WARN_SUSPICIOUS_MOVE = YES;
				CLANG_WARN_UNGUARDED_AVAILABILITY = YES_AGGRESSIVE;
				CLANG_WARN_UNREACHABLE_CODE = YES;
				CLANG_WARN__DUPLICATE_METHOD_MATCH = YES;
				COPY_PHASE_STRIP = NO;
				DEBUG_INFORMATION_FORMAT = dwarf;
				ENABLE_STRICT_OBJC_MSGSEND = YES;
				ENABLE_TESTABILITY = YES;
				GCC_C_LANGUAGE_STANDARD = gnu11;
				GCC_DYNAMIC_NO_PIC = NO;
				GCC_NO_COMMON_BLOCKS = YES;
				GCC_OPTIMIZATION_LEVEL = 0;
				GCC_PREPROCESSOR_DEFINITIONS = (
					"DEBUG=1",
					"$(inherited)",
				);
				GCC_WARN_64_TO_32_BIT_CONVERSION = YES;
				GCC_WARN_ABOUT_RETURN_TYPE = YES_ERROR;
				GCC_WARN_UNDECLARED_SELECTOR = YES;
				GCC_WARN_UNINITIALIZED_AUTOS = YES_AGGRESSIVE;
				GCC_WARN_UNUSED_FUNCTION = YES;
				GCC_WARN_UNUSED_VARIABLE = YES;
				IPHONEOS_DEPLOYMENT_TARGET = 13.2;
				MTL_ENABLE_DEBUG_INFO = INCLUDE_SOURCE;
				MTL_FAST_MATH = YES;
				ONLY_ACTIVE_ARCH = YES;
				SDKROOT = iphoneos;
				SWIFT_ACTIVE_COMPILATION_CONDITIONS = DEBUG;
				SWIFT_OPTIMIZATION_LEVEL = "-Onone";
			};
			name = Debug;
		};
		846C41D323AC45D6009991DC /* Release */ = {
			isa = XCBuildConfiguration;
			buildSettings = {
				ALWAYS_SEARCH_USER_PATHS = NO;
				CLANG_ANALYZER_NONNULL = YES;
				CLANG_ANALYZER_NUMBER_OBJECT_CONVERSION = YES_AGGRESSIVE;
				CLANG_CXX_LANGUAGE_STANDARD = "gnu++14";
				CLANG_CXX_LIBRARY = "libc++";
				CLANG_ENABLE_MODULES = YES;
				CLANG_ENABLE_OBJC_ARC = YES;
				CLANG_ENABLE_OBJC_WEAK = YES;
				CLANG_WARN_BLOCK_CAPTURE_AUTORELEASING = YES;
				CLANG_WARN_BOOL_CONVERSION = YES;
				CLANG_WARN_COMMA = YES;
				CLANG_WARN_CONSTANT_CONVERSION = YES;
				CLANG_WARN_DEPRECATED_OBJC_IMPLEMENTATIONS = YES;
				CLANG_WARN_DIRECT_OBJC_ISA_USAGE = YES_ERROR;
				CLANG_WARN_DOCUMENTATION_COMMENTS = YES;
				CLANG_WARN_EMPTY_BODY = YES;
				CLANG_WARN_ENUM_CONVERSION = YES;
				CLANG_WARN_INFINITE_RECURSION = YES;
				CLANG_WARN_INT_CONVERSION = YES;
				CLANG_WARN_NON_LITERAL_NULL_CONVERSION = YES;
				CLANG_WARN_OBJC_IMPLICIT_RETAIN_SELF = YES;
				CLANG_WARN_OBJC_LITERAL_CONVERSION = YES;
				CLANG_WARN_OBJC_ROOT_CLASS = YES_ERROR;
				CLANG_WARN_RANGE_LOOP_ANALYSIS = YES;
				CLANG_WARN_STRICT_PROTOTYPES = YES;
				CLANG_WARN_SUSPICIOUS_MOVE = YES;
				CLANG_WARN_UNGUARDED_AVAILABILITY = YES_AGGRESSIVE;
				CLANG_WARN_UNREACHABLE_CODE = YES;
				CLANG_WARN__DUPLICATE_METHOD_MATCH = YES;
				COPY_PHASE_STRIP = NO;
				DEBUG_INFORMATION_FORMAT = "dwarf-with-dsym";
				ENABLE_NS_ASSERTIONS = NO;
				ENABLE_STRICT_OBJC_MSGSEND = YES;
				GCC_C_LANGUAGE_STANDARD = gnu11;
				GCC_NO_COMMON_BLOCKS = YES;
				GCC_WARN_64_TO_32_BIT_CONVERSION = YES;
				GCC_WARN_ABOUT_RETURN_TYPE = YES_ERROR;
				GCC_WARN_UNDECLARED_SELECTOR = YES;
				GCC_WARN_UNINITIALIZED_AUTOS = YES_AGGRESSIVE;
				GCC_WARN_UNUSED_FUNCTION = YES;
				GCC_WARN_UNUSED_VARIABLE = YES;
				IPHONEOS_DEPLOYMENT_TARGET = 13.2;
				MTL_ENABLE_DEBUG_INFO = NO;
				MTL_FAST_MATH = YES;
				SDKROOT = iphoneos;
				SWIFT_COMPILATION_MODE = wholemodule;
				SWIFT_OPTIMIZATION_LEVEL = "-O";
				VALIDATE_PRODUCT = YES;
			};
			name = Release;
		};
		846C41D523AC45D6009991DC /* Debug */ = {
			isa = XCBuildConfiguration;
			buildSettings = {
				ASSETCATALOG_COMPILER_APPICON_NAME = AppIcon;
				CODE_SIGN_STYLE = Automatic;
				DEVELOPMENT_TEAM = C5SR9GRPP6;
				INFOPLIST_FILE = TableViewAnimation/Info.plist;
				LD_RUNPATH_SEARCH_PATHS = (
					"$(inherited)",
					"@executable_path/Frameworks",
				);
				PRODUCT_BUNDLE_IDENTIFIER = dias.renan.TableViewAnimation;
				PRODUCT_NAME = "$(TARGET_NAME)";
				SWIFT_VERSION = 5.0;
				TARGETED_DEVICE_FAMILY = "1,2";
			};
			name = Debug;
		};
		846C41D623AC45D6009991DC /* Release */ = {
			isa = XCBuildConfiguration;
			buildSettings = {
				ASSETCATALOG_COMPILER_APPICON_NAME = AppIcon;
				CODE_SIGN_STYLE = Automatic;
				DEVELOPMENT_TEAM = C5SR9GRPP6;
				INFOPLIST_FILE = TableViewAnimation/Info.plist;
				LD_RUNPATH_SEARCH_PATHS = (
					"$(inherited)",
					"@executable_path/Frameworks",
				);
				PRODUCT_BUNDLE_IDENTIFIER = dias.renan.TableViewAnimation;
				PRODUCT_NAME = "$(TARGET_NAME)";
				SWIFT_VERSION = 5.0;
				TARGETED_DEVICE_FAMILY = "1,2";
			};
			name = Release;
		};
		846C41D823AC45D6009991DC /* Debug */ = {
			isa = XCBuildConfiguration;
			buildSettings = {
				ALWAYS_EMBED_SWIFT_STANDARD_LIBRARIES = YES;
				BUNDLE_LOADER = "$(TEST_HOST)";
				CODE_SIGN_STYLE = Automatic;
				DEVELOPMENT_TEAM = C5SR9GRPP6;
				INFOPLIST_FILE = TableViewAnimationTests/Info.plist;
				IPHONEOS_DEPLOYMENT_TARGET = 13.2;
				LD_RUNPATH_SEARCH_PATHS = (
					"$(inherited)",
					"@executable_path/Frameworks",
					"@loader_path/Frameworks",
				);
				PRODUCT_BUNDLE_IDENTIFIER = dias.renan.TableViewAnimationTests;
				PRODUCT_NAME = "$(TARGET_NAME)";
				SWIFT_VERSION = 5.0;
				TARGETED_DEVICE_FAMILY = "1,2";
				TEST_HOST = "$(BUILT_PRODUCTS_DIR)/TableViewAnimation.app/TableViewAnimation";
			};
			name = Debug;
		};
		846C41D923AC45D6009991DC /* Release */ = {
			isa = XCBuildConfiguration;
			buildSettings = {
				ALWAYS_EMBED_SWIFT_STANDARD_LIBRARIES = YES;
				BUNDLE_LOADER = "$(TEST_HOST)";
				CODE_SIGN_STYLE = Automatic;
				DEVELOPMENT_TEAM = C5SR9GRPP6;
				INFOPLIST_FILE = TableViewAnimationTests/Info.plist;
				IPHONEOS_DEPLOYMENT_TARGET = 13.2;
				LD_RUNPATH_SEARCH_PATHS = (
					"$(inherited)",
					"@executable_path/Frameworks",
					"@loader_path/Frameworks",
				);
				PRODUCT_BUNDLE_IDENTIFIER = dias.renan.TableViewAnimationTests;
				PRODUCT_NAME = "$(TARGET_NAME)";
				SWIFT_VERSION = 5.0;
				TARGETED_DEVICE_FAMILY = "1,2";
				TEST_HOST = "$(BUILT_PRODUCTS_DIR)/TableViewAnimation.app/TableViewAnimation";
			};
			name = Release;
		};
		846C41DB23AC45D6009991DC /* Debug */ = {
			isa = XCBuildConfiguration;
			buildSettings = {
				ALWAYS_EMBED_SWIFT_STANDARD_LIBRARIES = YES;
				CODE_SIGN_STYLE = Automatic;
				DEVELOPMENT_TEAM = C5SR9GRPP6;
				INFOPLIST_FILE = TableViewAnimationUITests/Info.plist;
				LD_RUNPATH_SEARCH_PATHS = (
					"$(inherited)",
					"@executable_path/Frameworks",
					"@loader_path/Frameworks",
				);
				PRODUCT_BUNDLE_IDENTIFIER = dias.renan.TableViewAnimationUITests;
				PRODUCT_NAME = "$(TARGET_NAME)";
				SWIFT_VERSION = 5.0;
				TARGETED_DEVICE_FAMILY = "1,2";
				TEST_TARGET_NAME = TableViewAnimation;
			};
			name = Debug;
		};
		846C41DC23AC45D6009991DC /* Release */ = {
			isa = XCBuildConfiguration;
			buildSettings = {
				ALWAYS_EMBED_SWIFT_STANDARD_LIBRARIES = YES;
				CODE_SIGN_STYLE = Automatic;
				DEVELOPMENT_TEAM = C5SR9GRPP6;
				INFOPLIST_FILE = TableViewAnimationUITests/Info.plist;
				LD_RUNPATH_SEARCH_PATHS = (
					"$(inherited)",
					"@executable_path/Frameworks",
					"@loader_path/Frameworks",
				);
				PRODUCT_BUNDLE_IDENTIFIER = dias.renan.TableViewAnimationUITests;
				PRODUCT_NAME = "$(TARGET_NAME)";
				SWIFT_VERSION = 5.0;
				TARGETED_DEVICE_FAMILY = "1,2";
				TEST_TARGET_NAME = TableViewAnimation;
			};
			name = Release;
		};
/* End XCBuildConfiguration section */

/* Begin XCConfigurationList section */
		846C41A523AC45D2009991DC /* Build configuration list for PBXProject "TableViewAnimation" */ = {
			isa = XCConfigurationList;
			buildConfigurations = (
				846C41D223AC45D6009991DC /* Debug */,
				846C41D323AC45D6009991DC /* Release */,
			);
			defaultConfigurationIsVisible = 0;
			defaultConfigurationName = Release;
		};
		846C41D423AC45D6009991DC /* Build configuration list for PBXNativeTarget "TableViewAnimation" */ = {
			isa = XCConfigurationList;
			buildConfigurations = (
				846C41D523AC45D6009991DC /* Debug */,
				846C41D623AC45D6009991DC /* Release */,
			);
			defaultConfigurationIsVisible = 0;
			defaultConfigurationName = Release;
		};
		846C41D723AC45D6009991DC /* Build configuration list for PBXNativeTarget "TableViewAnimationTests" */ = {
			isa = XCConfigurationList;
			buildConfigurations = (
				846C41D823AC45D6009991DC /* Debug */,
				846C41D923AC45D6009991DC /* Release */,
			);
			defaultConfigurationIsVisible = 0;
			defaultConfigurationName = Release;
		};
		846C41DA23AC45D6009991DC /* Build configuration list for PBXNativeTarget "TableViewAnimationUITests" */ = {
			isa = XCConfigurationList;
			buildConfigurations = (
				846C41DB23AC45D6009991DC /* Debug */,
				846C41DC23AC45D6009991DC /* Release */,
			);
			defaultConfigurationIsVisible = 0;
			defaultConfigurationName = Release;
		};
/* End XCConfigurationList section */
	};
	rootObject = 846C41A223AC45D2009991DC /* Project object */;
}
